{
  "version": "5",
  "specifiers": {
    "jsr:@disconnected/web-middleware@~0.3.5": "0.3.5",
    "jsr:@disconnected/web-render@~0.2.2": "0.2.2",
    "jsr:@disconnected/web-router@~0.5.1": "0.5.1",
    "jsr:@disconnected/web-sessions@~0.7.1": "0.7.1"
  },
  "jsr": {
    "@disconnected/web-middleware@0.3.5": {
      "integrity": "8b242ee0852e2419af4f4ae62386e4c4f740a89dab358cacb44b5c1b1560138c"
    },
    "@disconnected/web-render@0.2.2": {
      "integrity": "6a8d11b2a3cfa2977bfd58371870762534f2f40f7ff1dc73daa692df47d3386b"
    },
    "@disconnected/web-router@0.5.1": {
      "integrity": "a1f50961d949c3781023128bc452f71f6b50ad53dccfae2bbe636453db5f679d"
    },
    "@disconnected/web-sessions@0.7.1": {
      "integrity": "ab9b710911b952043c790fb23a205faff39b8bd4109164e00e923039dd627b29",
      "dependencies": [
        "jsr:@disconnected/web-middleware"
      ]
    }
  },
  "workspace": {
    "dependencies": [
      "jsr:@disconnected/web-middleware@~0.3.5",
      "jsr:@disconnected/web-render@~0.2.2",
      "jsr:@disconnected/web-router@~0.5.1",
      "jsr:@disconnected/web-sessions@~0.7.1"
    ]
  }
}
